// !$*UTF8*$!
{
	archiveVersion = 1;
	classes = {
	};
	objectVersion = 46;
	objects = {

/* Begin PBXBuildFile section */
		4A5366441984CBF000AD39DC /* TagWriteView.swift in Sources */ = {isa = PBXBuildFile; fileRef = 4A5366431984CBF000AD39DC /* TagWriteView.swift */; };
		DA3735691880DAF300241916 /* Foundation.framework in Frameworks */ = {isa = PBXBuildFile; fileRef = DA3735681880DAF300241916 /* Foundation.framework */; };
		DA37356B1880DAF300241916 /* CoreGraphics.framework in Frameworks */ = {isa = PBXBuildFile; fileRef = DA37356A1880DAF300241916 /* CoreGraphics.framework */; };
		DA37356D1880DAF300241916 /* UIKit.framework in Frameworks */ = {isa = PBXBuildFile; fileRef = DA37356C1880DAF300241916 /* UIKit.framework */; };
		DA3735731880DAF300241916 /* InfoPlist.strings in Resources */ = {isa = PBXBuildFile; fileRef = DA3735711880DAF300241916 /* InfoPlist.strings */; };
		DA3735751880DAF300241916 /* main.m in Sources */ = {isa = PBXBuildFile; fileRef = DA3735741880DAF300241916 /* main.m */; };
		DA3735791880DAF300241916 /* HKKAppDelegate.m in Sources */ = {isa = PBXBuildFile; fileRef = DA3735781880DAF300241916 /* HKKAppDelegate.m */; };
		DA37357C1880DAF300241916 /* Main.storyboard in Resources */ = {isa = PBXBuildFile; fileRef = DA37357A1880DAF300241916 /* Main.storyboard */; };
		DA37357F1880DAF300241916 /* HKKViewController.m in Sources */ = {isa = PBXBuildFile; fileRef = DA37357E1880DAF300241916 /* HKKViewController.m */; };
		DA3735811880DAF300241916 /* Images.xcassets in Resources */ = {isa = PBXBuildFile; fileRef = DA3735801880DAF300241916 /* Images.xcassets */; };
		DA3735881880DAF300241916 /* XCTest.framework in Frameworks */ = {isa = PBXBuildFile; fileRef = DA3735871880DAF300241916 /* XCTest.framework */; };
		DA3735891880DAF300241916 /* Foundation.framework in Frameworks */ = {isa = PBXBuildFile; fileRef = DA3735681880DAF300241916 /* Foundation.framework */; };
		DA37358A1880DAF300241916 /* UIKit.framework in Frameworks */ = {isa = PBXBuildFile; fileRef = DA37356C1880DAF300241916 /* UIKit.framework */; };
		DA3735921880DAF300241916 /* InfoPlist.strings in Resources */ = {isa = PBXBuildFile; fileRef = DA3735901880DAF300241916 /* InfoPlist.strings */; };
		DA3735941880DAF300241916 /* TagWriteViewTestTests.m in Sources */ = {isa = PBXBuildFile; fileRef = DA3735931880DAF300241916 /* TagWriteViewTestTests.m */; };
		DA37359F1880DB1200241916 /* HKKTagWriteView.m in Sources */ = {isa = PBXBuildFile; fileRef = DA37359E1880DB1200241916 /* HKKTagWriteView.m */; };
		DAB220641882C67600E32311 /* btn_tag_delete.png in Resources */ = {isa = PBXBuildFile; fileRef = DAB220631882C67600E32311 /* btn_tag_delete.png */; };
/* End PBXBuildFile section */

/* Begin PBXContainerItemProxy section */
		DA37358B1880DAF300241916 /* PBXContainerItemProxy */ = {
			isa = PBXContainerItemProxy;
			containerPortal = DA37355D1880DAF300241916 /* Project object */;
			proxyType = 1;
			remoteGlobalIDString = DA3735641880DAF300241916;
			remoteInfo = TagWriteViewTest;
		};
/* End PBXContainerItemProxy section */

/* Begin PBXFileReference section */
		4A03088219838C8300418FC1 /* TagWriteViewTest-Bridging-Header.h */ = {isa = PBXFileReference; lastKnownFileType = sourcecode.c.h; path = "TagWriteViewTest-Bridging-Header.h"; sourceTree = "<group>"; };
		4A5366431984CBF000AD39DC /* TagWriteView.swift */ = {isa = PBXFileReference; fileEncoding = 4; lastKnownFileType = sourcecode.swift; path = TagWriteView.swift; sourceTree = "<group>"; };
		DA3735651880DAF300241916 /* TagWriteViewTest.app */ = {isa = PBXFileReference; explicitFileType = wrapper.application; includeInIndex = 0; path = TagWriteViewTest.app; sourceTree = BUILT_PRODUCTS_DIR; };
		DA3735681880DAF300241916 /* Foundation.framework */ = {isa = PBXFileReference; lastKnownFileType = wrapper.framework; name = Foundation.framework; path = System/Library/Frameworks/Foundation.framework; sourceTree = SDKROOT; };
		DA37356A1880DAF300241916 /* CoreGraphics.framework */ = {isa = PBXFileReference; lastKnownFileType = wrapper.framework; name = CoreGraphics.framework; path = System/Library/Frameworks/CoreGraphics.framework; sourceTree = SDKROOT; };
		DA37356C1880DAF300241916 /* UIKit.framework */ = {isa = PBXFileReference; lastKnownFileType = wrapper.framework; name = UIKit.framework; path = System/Library/Frameworks/UIKit.framework; sourceTree = SDKROOT; };
		DA3735701880DAF300241916 /* TagWriteViewTest-Info.plist */ = {isa = PBXFileReference; lastKnownFileType = text.plist.xml; path = "TagWriteViewTest-Info.plist"; sourceTree = "<group>"; };
		DA3735721880DAF300241916 /* en */ = {isa = PBXFileReference; lastKnownFileType = text.plist.strings; name = en; path = en.lproj/InfoPlist.strings; sourceTree = "<group>"; };
		DA3735741880DAF300241916 /* main.m */ = {isa = PBXFileReference; lastKnownFileType = sourcecode.c.objc; path = main.m; sourceTree = "<group>"; };
		DA3735761880DAF300241916 /* TagWriteViewTest-Prefix.pch */ = {isa = PBXFileReference; lastKnownFileType = sourcecode.c.h; path = "TagWriteViewTest-Prefix.pch"; sourceTree = "<group>"; };
		DA3735771880DAF300241916 /* HKKAppDelegate.h */ = {isa = PBXFileReference; lastKnownFileType = sourcecode.c.h; path = HKKAppDelegate.h; sourceTree = "<group>"; };
		DA3735781880DAF300241916 /* HKKAppDelegate.m */ = {isa = PBXFileReference; lastKnownFileType = sourcecode.c.objc; path = HKKAppDelegate.m; sourceTree = "<group>"; };
		DA37357B1880DAF300241916 /* Base */ = {isa = PBXFileReference; lastKnownFileType = file.storyboard; name = Base; path = Base.lproj/Main.storyboard; sourceTree = "<group>"; };
		DA37357D1880DAF300241916 /* HKKViewController.h */ = {isa = PBXFileReference; lastKnownFileType = sourcecode.c.h; path = HKKViewController.h; sourceTree = "<group>"; };
		DA37357E1880DAF300241916 /* HKKViewController.m */ = {isa = PBXFileReference; lastKnownFileType = sourcecode.c.objc; path = HKKViewController.m; sourceTree = "<group>"; };
		DA3735801880DAF300241916 /* Images.xcassets */ = {isa = PBXFileReference; lastKnownFileType = folder.assetcatalog; path = Images.xcassets; sourceTree = "<group>"; };
		DA3735861880DAF300241916 /* TagWriteViewTestTests.xctest */ = {isa = PBXFileReference; explicitFileType = wrapper.cfbundle; includeInIndex = 0; path = TagWriteViewTestTests.xctest; sourceTree = BUILT_PRODUCTS_DIR; };
		DA3735871880DAF300241916 /* XCTest.framework */ = {isa = PBXFileReference; lastKnownFileType = wrapper.framework; name = XCTest.framework; path = Library/Frameworks/XCTest.framework; sourceTree = DEVELOPER_DIR; };
		DA37358F1880DAF300241916 /* TagWriteViewTestTests-Info.plist */ = {isa = PBXFileReference; lastKnownFileType = text.plist.xml; path = "TagWriteViewTestTests-Info.plist"; sourceTree = "<group>"; };
		DA3735911880DAF300241916 /* en */ = {isa = PBXFileReference; lastKnownFileType = text.plist.strings; name = en; path = en.lproj/InfoPlist.strings; sourceTree = "<group>"; };
		DA3735931880DAF300241916 /* TagWriteViewTestTests.m */ = {isa = PBXFileReference; lastKnownFileType = sourcecode.c.objc; path = TagWriteViewTestTests.m; sourceTree = "<group>"; };
		DA37359D1880DB1200241916 /* HKKTagWriteView.h */ = {isa = PBXFileReference; fileEncoding = 4; lastKnownFileType = sourcecode.c.h; path = HKKTagWriteView.h; sourceTree = "<group>"; };
		DA37359E1880DB1200241916 /* HKKTagWriteView.m */ = {isa = PBXFileReference; fileEncoding = 4; lastKnownFileType = sourcecode.c.objc; path = HKKTagWriteView.m; sourceTree = "<group>"; };
		DAB220631882C67600E32311 /* btn_tag_delete.png */ = {isa = PBXFileReference; lastKnownFileType = image.png; path = btn_tag_delete.png; sourceTree = "<group>"; };
/* End PBXFileReference section */

/* Begin PBXFrameworksBuildPhase section */
		DA3735621880DAF300241916 /* Frameworks */ = {
			isa = PBXFrameworksBuildPhase;
			buildActionMask = 2147483647;
			files = (
				DA37356B1880DAF300241916 /* CoreGraphics.framework in Frameworks */,
				DA37356D1880DAF300241916 /* UIKit.framework in Frameworks */,
				DA3735691880DAF300241916 /* Foundation.framework in Frameworks */,
			);
			runOnlyForDeploymentPostprocessing = 0;
		};
		DA3735831880DAF300241916 /* Frameworks */ = {
			isa = PBXFrameworksBuildPhase;
			buildActionMask = 2147483647;
			files = (
				DA3735881880DAF300241916 /* XCTest.framework in Frameworks */,
				DA37358A1880DAF300241916 /* UIKit.framework in Frameworks */,
				DA3735891880DAF300241916 /* Foundation.framework in Frameworks */,
			);
			runOnlyForDeploymentPostprocessing = 0;
		};
/* End PBXFrameworksBuildPhase section */

/* Begin PBXGroup section */
		4A32ED911984CB6000448C78 /* swift */ = {
			isa = PBXGroup;
			children = (
				4A5366431984CBF000AD39DC /* TagWriteView.swift */,
			);
			name = swift;
			sourceTree = "<group>";
		};
		DA37355C1880DAF300241916 = {
			isa = PBXGroup;
			children = (
				DA37356E1880DAF300241916 /* TagWriteViewTest */,
				DA37358D1880DAF300241916 /* TagWriteViewTestTests */,
				DA3735671880DAF300241916 /* Frameworks */,
				DA3735661880DAF300241916 /* Products */,
			);
			sourceTree = "<group>";
		};
		DA3735661880DAF300241916 /* Products */ = {
			isa = PBXGroup;
			children = (
				DA3735651880DAF300241916 /* TagWriteViewTest.app */,
				DA3735861880DAF300241916 /* TagWriteViewTestTests.xctest */,
			);
			name = Products;
			sourceTree = "<group>";
		};
		DA3735671880DAF300241916 /* Frameworks */ = {
			isa = PBXGroup;
			children = (
				DA3735681880DAF300241916 /* Foundation.framework */,
				DA37356A1880DAF300241916 /* CoreGraphics.framework */,
				DA37356C1880DAF300241916 /* UIKit.framework */,
				DA3735871880DAF300241916 /* XCTest.framework */,
			);
			name = Frameworks;
			sourceTree = "<group>";
		};
		DA37356E1880DAF300241916 /* TagWriteViewTest */ = {
			isa = PBXGroup;
			children = (
				4A32ED911984CB6000448C78 /* swift */,
				DAB220631882C67600E32311 /* btn_tag_delete.png */,
				DA3735771880DAF300241916 /* HKKAppDelegate.h */,
				DA3735781880DAF300241916 /* HKKAppDelegate.m */,
				DA37357A1880DAF300241916 /* Main.storyboard */,
				DA37357D1880DAF300241916 /* HKKViewController.h */,
				DA37357E1880DAF300241916 /* HKKViewController.m */,
				DA3735801880DAF300241916 /* Images.xcassets */,
				DA37356F1880DAF300241916 /* Supporting Files */,
				DA37359D1880DB1200241916 /* HKKTagWriteView.h */,
				DA37359E1880DB1200241916 /* HKKTagWriteView.m */,
				4A03088219838C8300418FC1 /* TagWriteViewTest-Bridging-Header.h */,
			);
			path = TagWriteViewTest;
			sourceTree = "<group>";
		};
		DA37356F1880DAF300241916 /* Supporting Files */ = {
			isa = PBXGroup;
			children = (
				DA3735701880DAF300241916 /* TagWriteViewTest-Info.plist */,
				DA3735711880DAF300241916 /* InfoPlist.strings */,
				DA3735741880DAF300241916 /* main.m */,
				DA3735761880DAF300241916 /* TagWriteViewTest-Prefix.pch */,
			);
			name = "Supporting Files";
			sourceTree = "<group>";
		};
		DA37358D1880DAF300241916 /* TagWriteViewTestTests */ = {
			isa = PBXGroup;
			children = (
				DA3735931880DAF300241916 /* TagWriteViewTestTests.m */,
				DA37358E1880DAF300241916 /* Supporting Files */,
			);
			path = TagWriteViewTestTests;
			sourceTree = "<group>";
		};
		DA37358E1880DAF300241916 /* Supporting Files */ = {
			isa = PBXGroup;
			children = (
				DA37358F1880DAF300241916 /* TagWriteViewTestTests-Info.plist */,
				DA3735901880DAF300241916 /* InfoPlist.strings */,
			);
			name = "Supporting Files";
			sourceTree = "<group>";
		};
/* End PBXGroup section */

/* Begin PBXNativeTarget section */
		DA3735641880DAF300241916 /* TagWriteViewTest */ = {
			isa = PBXNativeTarget;
			buildConfigurationList = DA3735971880DAF300241916 /* Build configuration list for PBXNativeTarget "TagWriteViewTest" */;
			buildPhases = (
				DA3735611880DAF300241916 /* Sources */,
				DA3735621880DAF300241916 /* Frameworks */,
				DA3735631880DAF300241916 /* Resources */,
			);
			buildRules = (
			);
			dependencies = (
			);
			name = TagWriteViewTest;
			productName = TagWriteViewTest;
			productReference = DA3735651880DAF300241916 /* TagWriteViewTest.app */;
			productType = "com.apple.product-type.application";
		};
		DA3735851880DAF300241916 /* TagWriteViewTestTests */ = {
			isa = PBXNativeTarget;
			buildConfigurationList = DA37359A1880DAF300241916 /* Build configuration list for PBXNativeTarget "TagWriteViewTestTests" */;
			buildPhases = (
				DA3735821880DAF300241916 /* Sources */,
				DA3735831880DAF300241916 /* Frameworks */,
				DA3735841880DAF300241916 /* Resources */,
			);
			buildRules = (
			);
			dependencies = (
				DA37358C1880DAF300241916 /* PBXTargetDependency */,
			);
			name = TagWriteViewTestTests;
			productName = TagWriteViewTestTests;
			productReference = DA3735861880DAF300241916 /* TagWriteViewTestTests.xctest */;
			productType = "com.apple.product-type.bundle.unit-test";
		};
/* End PBXNativeTarget section */

/* Begin PBXProject section */
		DA37355D1880DAF300241916 /* Project object */ = {
			isa = PBXProject;
			attributes = {
				CLASSPREFIX = HKK;
				LastUpgradeCheck = 0500;
				ORGANIZATIONNAME = rhlab;
				TargetAttributes = {
					DA3735851880DAF300241916 = {
						TestTargetID = DA3735641880DAF300241916;
					};
				};
			};
			buildConfigurationList = DA3735601880DAF300241916 /* Build configuration list for PBXProject "TagWriteViewTest" */;
			compatibilityVersion = "Xcode 3.2";
			developmentRegion = English;
			hasScannedForEncodings = 0;
			knownRegions = (
				en,
				Base,
			);
			mainGroup = DA37355C1880DAF300241916;
			productRefGroup = DA3735661880DAF300241916 /* Products */;
			projectDirPath = "";
			projectRoot = "";
			targets = (
				DA3735641880DAF300241916 /* TagWriteViewTest */,
				DA3735851880DAF300241916 /* TagWriteViewTestTests */,
			);
		};
/* End PBXProject section */

/* Begin PBXResourcesBuildPhase section */
		DA3735631880DAF300241916 /* Resources */ = {
			isa = PBXResourcesBuildPhase;
			buildActionMask = 2147483647;
			files = (
				DA3735811880DAF300241916 /* Images.xcassets in Resources */,
				DA3735731880DAF300241916 /* InfoPlist.strings in Resources */,
				DAB220641882C67600E32311 /* btn_tag_delete.png in Resources */,
				DA37357C1880DAF300241916 /* Main.storyboard in Resources */,
			);
			runOnlyForDeploymentPostprocessing = 0;
		};
		DA3735841880DAF300241916 /* Resources */ = {
			isa = PBXResourcesBuildPhase;
			buildActionMask = 2147483647;
			files = (
				DA3735921880DAF300241916 /* InfoPlist.strings in Resources */,
			);
			runOnlyForDeploymentPostprocessing = 0;
		};
/* End PBXResourcesBuildPhase section */

/* Begin PBXSourcesBuildPhase section */
		DA3735611880DAF300241916 /* Sources */ = {
			isa = PBXSourcesBuildPhase;
			buildActionMask = 2147483647;
			files = (
				DA37359F1880DB1200241916 /* HKKTagWriteView.m in Sources */,
				4A5366441984CBF000AD39DC /* TagWriteView.swift in Sources */,
				DA37357F1880DAF300241916 /* HKKViewController.m in Sources */,
				DA3735751880DAF300241916 /* main.m in Sources */,
				DA3735791880DAF300241916 /* HKKAppDelegate.m in Sources */,
			);
			runOnlyForDeploymentPostprocessing = 0;
		};
		DA3735821880DAF300241916 /* Sources */ = {
			isa = PBXSourcesBuildPhase;
			buildActionMask = 2147483647;
			files = (
				DA3735941880DAF300241916 /* TagWriteViewTestTests.m in Sources */,
			);
			runOnlyForDeploymentPostprocessing = 0;
		};
/* End PBXSourcesBuildPhase section */

/* Begin PBXTargetDependency section */
		DA37358C1880DAF300241916 /* PBXTargetDependency */ = {
			isa = PBXTargetDependency;
			target = DA3735641880DAF300241916 /* TagWriteViewTest */;
			targetProxy = DA37358B1880DAF300241916 /* PBXContainerItemProxy */;
		};
/* End PBXTargetDependency section */

/* Begin PBXVariantGroup section */
		DA3735711880DAF300241916 /* InfoPlist.strings */ = {
			isa = PBXVariantGroup;
			children = (
				DA3735721880DAF300241916 /* en */,
			);
			name = InfoPlist.strings;
			sourceTree = "<group>";
		};
		DA37357A1880DAF300241916 /* Main.storyboard */ = {
			isa = PBXVariantGroup;
			children = (
				DA37357B1880DAF300241916 /* Base */,
			);
			name = Main.storyboard;
			sourceTree = "<group>";
		};
		DA3735901880DAF300241916 /* InfoPlist.strings */ = {
			isa = PBXVariantGroup;
			children = (
				DA3735911880DAF300241916 /* en */,
			);
			name = InfoPlist.strings;
			sourceTree = "<group>";
		};
/* End PBXVariantGroup section */

/* Begin XCBuildConfiguration section */
		DA3735951880DAF300241916 /* Debug */ = {
			isa = XCBuildConfiguration;
			buildSettings = {
				ALWAYS_SEARCH_USER_PATHS = NO;
				ARCHS = "$(ARCHS_STANDARD_INCLUDING_64_BIT)";
				CLANG_CXX_LANGUAGE_STANDARD = "gnu++0x";
				CLANG_CXX_LIBRARY = "libc++";
				CLANG_ENABLE_MODULES = YES;
				CLANG_ENABLE_OBJC_ARC = YES;
				CLANG_WARN_BOOL_CONVERSION = YES;
				CLANG_WARN_CONSTANT_CONVERSION = YES;
				CLANG_WARN_DIRECT_OBJC_ISA_USAGE = YES_ERROR;
				CLANG_WARN_EMPTY_BODY = YES;
				CLANG_WARN_ENUM_CONVERSION = YES;
				CLANG_WARN_INT_CONVERSION = YES;
				CLANG_WARN_OBJC_ROOT_CLASS = YES_ERROR;
				CLANG_WARN__DUPLICATE_METHOD_MATCH = YES;
				"CODE_SIGN_IDENTITY[sdk=iphoneos*]" = "iPhone Developer";
				COPY_PHASE_STRIP = NO;
				GCC_C_LANGUAGE_STANDARD = gnu99;
				GCC_DYNAMIC_NO_PIC = NO;
				GCC_OPTIMIZATION_LEVEL = 0;
				GCC_PREPROCESSOR_DEFINITIONS = (
					"DEBUG=1",
					"$(inherited)",
				);
				GCC_SYMBOLS_PRIVATE_EXTERN = NO;
				GCC_WARN_64_TO_32_BIT_CONVERSION = YES;
				GCC_WARN_ABOUT_RETURN_TYPE = YES_ERROR;
				GCC_WARN_UNDECLARED_SELECTOR = YES;
				GCC_WARN_UNINITIALIZED_AUTOS = YES;
				GCC_WARN_UNUSED_FUNCTION = YES;
				GCC_WARN_UNUSED_VARIABLE = YES;
				IPHONEOS_DEPLOYMENT_TARGET = 7.0;
				ONLY_ACTIVE_ARCH = YES;
				SDKROOT = iphoneos;
			};
			name = Debug;
		};
		DA3735961880DAF300241916 /* Release */ = {
			isa = XCBuildConfiguration;
			buildSettings = {
				ALWAYS_SEARCH_USER_PATHS = NO;
				ARCHS = "$(ARCHS_STANDARD_INCLUDING_64_BIT)";
				CLANG_CXX_LANGUAGE_STANDARD = "gnu++0x";
				CLANG_CXX_LIBRARY = "libc++";
				CLANG_ENABLE_MODULES = YES;
				CLANG_ENABLE_OBJC_ARC = YES;
				CLANG_WARN_BOOL_CONVERSION = YES;
				CLANG_WARN_CONSTANT_CONVERSION = YES;
				CLANG_WARN_DIRECT_OBJC_ISA_USAGE = YES_ERROR;
				CLANG_WARN_EMPTY_BODY = YES;
				CLANG_WARN_ENUM_CONVERSION = YES;
				CLANG_WARN_INT_CONVERSION = YES;
				CLANG_WARN_OBJC_ROOT_CLASS = YES_ERROR;
				CLANG_WARN__DUPLICATE_METHOD_MATCH = YES;
				"CODE_SIGN_IDENTITY[sdk=iphoneos*]" = "iPhone Developer";
				COPY_PHASE_STRIP = YES;
				ENABLE_NS_ASSERTIONS = NO;
				GCC_C_LANGUAGE_STANDARD = gnu99;
				GCC_WARN_64_TO_32_BIT_CONVERSION = YES;
				GCC_WARN_ABOUT_RETURN_TYPE = YES_ERROR;
				GCC_WARN_UNDECLARED_SELECTOR = YES;
				GCC_WARN_UNINITIALIZED_AUTOS = YES;
				GCC_WARN_UNUSED_FUNCTION = YES;
				GCC_WARN_UNUSED_VARIABLE = YES;
				IPHONEOS_DEPLOYMENT_TARGET = 7.0;
				SDKROOT = iphoneos;
				VALIDATE_PRODUCT = YES;
			};
			name = Release;
		};
		DA3735981880DAF300241916 /* Debug */ = {
			isa = XCBuildConfiguration;
			buildSettings = {
				ASSETCATALOG_COMPILER_APPICON_NAME = AppIcon;
				ASSETCATALOG_COMPILER_LAUNCHIMAGE_NAME = LaunchImage;
				CLANG_ENABLE_MODULES = YES;
				GCC_PRECOMPILE_PREFIX_HEADER = YES;
				GCC_PREFIX_HEADER = "TagWriteViewTest/TagWriteViewTest-Prefix.pch";
				INFOPLIST_FILE = "TagWriteViewTest/TagWriteViewTest-Info.plist";
				LD_RUNPATH_SEARCH_PATHS = "$(inherited) @executable_path/Frameworks";
				PRODUCT_NAME = "$(TARGET_NAME)";
				SWIFT_OBJC_BRIDGING_HEADER = "TagWriteViewTest/TagWriteViewTest-Bridging-Header.h";
				SWIFT_OPTIMIZATION_LEVEL = "-Onone";
				WRAPPER_EXTENSION = app;
			};
			name = Debug;
		};
		DA3735991880DAF300241916 /* Release */ = {
			isa = XCBuildConfiguration;
			buildSettings = {
				ASSETCATALOG_COMPILER_APPICON_NAME = AppIcon;
				ASSETCATALOG_COMPILER_LAUNCHIMAGE_NAME = LaunchImage;
				CLANG_ENABLE_MODULES = YES;
				GCC_PRECOMPILE_PREFIX_HEADER = YES;
				GCC_PREFIX_HEADER = "TagWriteViewTest/TagWriteViewTest-Prefix.pch";
				INFOPLIST_FILE = "TagWriteViewTest/TagWriteViewTest-Info.plist";
				LD_RUNPATH_SEARCH_PATHS = "$(inherited) @executable_path/Frameworks";
				PRODUCT_NAME = "$(TARGET_NAME)";
				SWIFT_OBJC_BRIDGING_HEADER = "TagWriteViewTest/TagWriteViewTest-Bridging-Header.h";
				WRAPPER_EXTENSION = app;
			};
			name = Release;
		};
		DA37359B1880DAF300241916 /* Debug */ = {
			isa = XCBuildConfiguration;
			buildSettings = {
				ARCHS = "$(ARCHS_STANDARD_INCLUDING_64_BIT)";
				BUNDLE_LOADER = "$(BUILT_PRODUCTS_DIR)/TagWriteViewTest.app/TagWriteViewTest";
				FRAMEWORK_SEARCH_PATHS = (
					"$(SDKROOT)/Developer/Library/Frameworks",
					"$(inherited)",
					"$(DEVELOPER_FRAMEWORKS_DIR)",
				);
				GCC_PRECOMPILE_PREFIX_HEADER = YES;
				GCC_PREFIX_HEADER = "TagWriteViewTest/TagWriteViewTest-Prefix.pch";
				GCC_PREPROCESSOR_DEFINITIONS = (
					"DEBUG=1",
					"$(inherited)",
				);
				INFOPLIST_FILE = "TagWriteViewTestTests/TagWriteViewTestTests-Info.plist";
				PRODUCT_NAME = "$(TARGET_NAME)";
				TEST_HOST = "$(BUNDLE_LOADER)";
				WRAPPER_EXTENSION = xctest;
			};
			name = Debug;
		};
		DA37359C1880DAF300241916 /* Release */ = {
			isa = XCBuildConfiguration;
			buildSettings = {
				ARCHS = "$(ARCHS_STANDARD_INCLUDING_64_BIT)";
				BUNDLE_LOADER = "$(BUILT_PRODUCTS_DIR)/TagWriteViewTest.app/TagWriteViewTest";
				FRAMEWORK_SEARCH_PATHS = (
					"$(SDKROOT)/Developer/Library/Frameworks",
					"$(inherited)",
					"$(DEVELOPER_FRAMEWORKS_DIR)",
				);
				GCC_PRECOMPILE_PREFIX_HEADER = YES;
				GCC_PREFIX_HEADER = "TagWriteViewTest/TagWriteViewTest-Prefix.pch";
				INFOPLIST_FILE = "TagWriteViewTestTests/TagWriteViewTestTests-Info.plist";
				PRODUCT_NAME = "$(TARGET_NAME)";
				TEST_HOST = "$(BUNDLE_LOADER)";
				WRAPPER_EXTENSION = xctest;
			};
			name = Release;
		};
/* End XCBuildConfiguration section */

/* Begin XCConfigurationList section */
		DA3735601880DAF300241916 /* Build configuration list for PBXProject "TagWriteViewTest" */ = {
			isa = XCConfigurationList;
			buildConfigurations = (
				DA3735951880DAF300241916 /* Debug */,
				DA3735961880DAF300241916 /* Release */,
			);
			defaultConfigurationIsVisible = 0;
			defaultConfigurationName = Release;
		};
		DA3735971880DAF300241916 /* Build configuration list for PBXNativeTarget "TagWriteViewTest" */ = {
			isa = XCConfigurationList;
			buildConfigurations = (
				DA3735981880DAF300241916 /* Debug */,
				DA3735991880DAF300241916 /* Release */,
			);
			defaultConfigurationIsVisible = 0;
			defaultConfigurationName = Release;
		};
		DA37359A1880DAF300241916 /* Build configuration list for PBXNativeTarget "TagWriteViewTestTests" */ = {
			isa = XCConfigurationList;
			buildConfigurations = (
				DA37359B1880DAF300241916 /* Debug */,
				DA37359C1880DAF300241916 /* Release */,
			);
			defaultConfigurationIsVisible = 0;
			defaultConfigurationName = Release;
		};
/* End XCConfigurationList section */
	};
	rootObject = DA37355D1880DAF300241916 /* Project object */;
}
